
Microsoft Visual Studio Solution File, Format Version 12.00
# Visual Studio 2017
Project("{FAE04EC0-301F-11D3-BF4B-00C04F79EFBC}") = "HW1.Plugins", "HW1.Plugins.csproj", "{71E4B36D-D01C-52C9-C10E-E589DB5567E8}"
EndProject
Project("{FAE04EC0-301F-11D3-BF4B-00C04F79EFBC}") = "HW1.Editor.Plugins", "HW1.Editor.Plugins.csproj", "{269648EE-05D8-B03A-9B33-5E14A0895C24}"
EndProject
Global
	GlobalSection(SolutionConfigurationPlatforms) = preSolution
		Debug|Any CPU = Debug|Any CPU
		Release|Any CPU = Release|Any CPU
	EndGlobalSection
	GlobalSection(ProjectConfigurationPlatforms) = postSolution
		{71E4B36D-D01C-52C9-C10E-E589DB5567E8}.Debug|Any CPU.ActiveCfg = Debug|Any CPU
		{71E4B36D-D01C-52C9-C10E-E589DB5567E8}.Debug|Any CPU.Build.0 = Debug|Any CPU
		{71E4B36D-D01C-52C9-C10E-E589DB5567E8}.Release|Any CPU.ActiveCfg = Release|Any CPU
		{71E4B36D-D01C-52C9-C10E-E589DB5567E8}.Release|Any CPU.Build.0 = Release|Any CPU
		{269648EE-05D8-B03A-9B33-5E14A0895C24}.Debug|Any CPU.ActiveCfg = Debug|Any CPU
		{269648EE-05D8-B03A-9B33-5E14A0895C24}.Debug|Any CPU.Build.0 = Debug|Any CPU
		{269648EE-05D8-B03A-9B33-5E14A0895C24}.Release|Any CPU.ActiveCfg = Release|Any CPU
		{269648EE-05D8-B03A-9B33-5E14A0895C24}.Release|Any CPU.Build.0 = Release|Any CPU
	EndGlobalSection
	GlobalSection(SolutionProperties) = preSolution
		HideSolutionNode = FALSE
	EndGlobalSection
EndGlobal
